
Microsoft Visual Studio Solution File, Format Version 12.00
# Visual Studio Version 17
VisualStudioVersion = 17.8.34511.84
MinimumVisualStudioVersion = 10.0.40219.1
Project("{FAE04EC0-301F-11D3-BF4B-00C04F79EFBC}") = "CarAuctionManagement.API", "CarAuctionManagement\CarAuctionManagement.API.csproj", "{F2E9B4C6-EE9B-4ADD-B42D-4906D3195832}"
EndProject
Project("{FAE04EC0-301F-11D3-BF4B-00C04F79EFBC}") = "CarAuctionManagement.Model", "CarAuctionManagement.Model\CarAuctionManagement.Model.csproj", "{5B534A03-56A0-4112-BF0D-0A3A81AC1713}"
EndProject
Project("{FAE04EC0-301F-11D3-BF4B-00C04F79EFBC}") = "CarAuctionManagement.Repository", "CarAuctionManagement.Repository\CarAuctionManagement.Repository.csproj", "{E854F49D-CB1C-423E-9B0D-AE80F3727078}"
EndProject
Project("{FAE04EC0-301F-11D3-BF4B-00C04F79EFBC}") = "CarAuctionManagement.Service", "CarAuctionManagement.Service\CarAuctionManagement.Service.csproj", "{AA0A31DD-59EF-44B4-9642-370BA433D391}"
EndProject
Project("{2150E333-8FDC-42A3-9474-1A3956D46DE8}") = "Tests", "Tests", "{3B2F2EE9-314C-4A27-9804-FCF035496347}"
EndProject
Project("{FAE04EC0-301F-11D3-BF4B-00C04F79EFBC}") = "CarAuctionManagement.Service.Tests", "CarAuctionManagement.Service.Tests\CarAuctionManagement.Service.Tests.csproj", "{12B987AB-C6E6-4D41-8E6B-F83981FAAE4D}"
EndProject
Global
	GlobalSection(SolutionConfigurationPlatforms) = preSolution
		Debug|Any CPU = Debug|Any CPU
		Release|Any CPU = Release|Any CPU
	EndGlobalSection
	GlobalSection(ProjectConfigurationPlatforms) = postSolution
		{F2E9B4C6-EE9B-4ADD-B42D-4906D3195832}.Debug|Any CPU.ActiveCfg = Debug|Any CPU
		{F2E9B4C6-EE9B-4ADD-B42D-4906D3195832}.Debug|Any CPU.Build.0 = Debug|Any CPU
		{F2E9B4C6-EE9B-4ADD-B42D-4906D3195832}.Release|Any CPU.ActiveCfg = Release|Any CPU
		{F2E9B4C6-EE9B-4ADD-B42D-4906D3195832}.Release|Any CPU.Build.0 = Release|Any CPU
		{5B534A03-56A0-4112-BF0D-0A3A81AC1713}.Debug|Any CPU.ActiveCfg = Debug|Any CPU
		{5B534A03-56A0-4112-BF0D-0A3A81AC1713}.Debug|Any CPU.Build.0 = Debug|Any CPU
		{5B534A03-56A0-4112-BF0D-0A3A81AC1713}.Release|Any CPU.ActiveCfg = Release|Any CPU
		{5B534A03-56A0-4112-BF0D-0A3A81AC1713}.Release|Any CPU.Build.0 = Release|Any CPU
		{E854F49D-CB1C-423E-9B0D-AE80F3727078}.Debug|Any CPU.ActiveCfg = Debug|Any CPU
		{E854F49D-CB1C-423E-9B0D-AE80F3727078}.Debug|Any CPU.Build.0 = Debug|Any CPU
		{E854F49D-CB1C-423E-9B0D-AE80F3727078}.Release|Any CPU.ActiveCfg = Release|Any CPU
		{E854F49D-CB1C-423E-9B0D-AE80F3727078}.Release|Any CPU.Build.0 = Release|Any CPU
		{AA0A31DD-59EF-44B4-9642-370BA433D391}.Debug|Any CPU.ActiveCfg = Debug|Any CPU
		{AA0A31DD-59EF-44B4-9642-370BA433D391}.Debug|Any CPU.Build.0 = Debug|Any CPU
		{AA0A31DD-59EF-44B4-9642-370BA433D391}.Release|Any CPU.ActiveCfg = Release|Any CPU
		{AA0A31DD-59EF-44B4-9642-370BA433D391}.Release|Any CPU.Build.0 = Release|Any CPU
		{12B987AB-C6E6-4D41-8E6B-F83981FAAE4D}.Debug|Any CPU.ActiveCfg = Debug|Any CPU
		{12B987AB-C6E6-4D41-8E6B-F83981FAAE4D}.Debug|Any CPU.Build.0 = Debug|Any CPU
		{12B987AB-C6E6-4D41-8E6B-F83981FAAE4D}.Release|Any CPU.ActiveCfg = Release|Any CPU
		{12B987AB-C6E6-4D41-8E6B-F83981FAAE4D}.Release|Any CPU.Build.0 = Release|Any CPU
	EndGlobalSection
	GlobalSection(SolutionProperties) = preSolution
		HideSolutionNode = FALSE
	EndGlobalSection
	GlobalSection(NestedProjects) = preSolution
		{12B987AB-C6E6-4D41-8E6B-F83981FAAE4D} = {3B2F2EE9-314C-4A27-9804-FCF035496347}
	EndGlobalSection
	GlobalSection(ExtensibilityGlobals) = postSolution
		SolutionGuid = {41271DAC-73B1-4319-803F-06D382284AAB}
	EndGlobalSection
EndGlobal
